
Microsoft Visual Studio Solution File, Format Version 12.00
# Visual Studio Version 17
VisualStudioVersion = 17.8.34322.80
MinimumVisualStudioVersion = 10.0.40219.1
Project("{9A19103F-16F7-4668-BE54-9A1E7A4F7556}") = "SynapseDynamicAPI", "SynapseDynamicAPI\SynapseDynamicAPI.csproj", "{A954FAA2-423E-4989-8656-BD0DAAB2D4CD}"
EndProject
Project("{9A19103F-16F7-4668-BE54-9A1E7A4F7556}") = "SynapseDynamicAPIClient", "..\SynapseDynamicAPIClient\SynapseDynamicAPIClient.csproj", "{EA2912DB-96D6-4406-B213-7250E5211DB9}"
EndProject
Global
	GlobalSection(SolutionConfigurationPlatforms) = preSolution
		Debug|Any CPU = Debug|Any CPU
		Release|Any CPU = Release|Any CPU
	EndGlobalSection
	GlobalSection(ProjectConfigurationPlatforms) = postSolution
		{A954FAA2-423E-4989-8656-BD0DAAB2D4CD}.Debug|Any CPU.ActiveCfg = Debug|Any CPU
		{A954FAA2-423E-4989-8656-BD0DAAB2D4CD}.Debug|Any CPU.Build.0 = Debug|Any CPU
		{A954FAA2-423E-4989-8656-BD0DAAB2D4CD}.Release|Any CPU.ActiveCfg = Release|Any CPU
		{A954FAA2-423E-4989-8656-BD0DAAB2D4CD}.Release|Any CPU.Build.0 = Release|Any CPU
		{EA2912DB-96D6-4406-B213-7250E5211DB9}.Debug|Any CPU.ActiveCfg = Debug|Any CPU
		{EA2912DB-96D6-4406-B213-7250E5211DB9}.Debug|Any CPU.Build.0 = Debug|Any CPU
		{EA2912DB-96D6-4406-B213-7250E5211DB9}.Release|Any CPU.ActiveCfg = Release|Any CPU
		{EA2912DB-96D6-4406-B213-7250E5211DB9}.Release|Any CPU.Build.0 = Release|Any CPU
	EndGlobalSection
	GlobalSection(SolutionProperties) = preSolution
		HideSolutionNode = FALSE
	EndGlobalSection
	GlobalSection(ExtensibilityGlobals) = postSolution
		SolutionGuid = {773556D1-F92A-4C3B-8294-324347071129}
	EndGlobalSection
EndGlobal
